
Microsoft Visual Studio Solution File, Format Version 12.00
# Visual Studio Version 16
VisualStudioVersion = 16.0.30104.148
MinimumVisualStudioVersion = 10.0.40219.1
Project("{8BC9CEB8-8B4A-11D0-8D11-00A0C91BC942}") = "Chada_Tech_Clocks", "Chada_Tech_Clocks\Chada_Tech_Clocks.vcxproj", "{5EDADF46-092E-4A07-AC02-2E51545EFBE5}"
EndProject
Global
	GlobalSection(SolutionConfigurationPlatforms) = preSolution
		Debug|x64 = Debug|x64
		Debug|x86 = Debug|x86
		Release|x64 = Release|x64
		Release|x86 = Release|x86
	EndGlobalSection
	GlobalSection(ProjectConfigurationPlatforms) = postSolution
		{5EDADF46-092E-4A07-AC02-2E51545EFBE5}.Debug|x64.ActiveCfg = Debug|x64
		{5EDADF46-092E-4A07-AC02-2E51545EFBE5}.Debug|x64.Build.0 = Debug|x64
		{5EDADF46-092E-4A07-AC02-2E51545EFBE5}.Debug|x86.ActiveCfg = Debug|Win32
		{5EDADF46-092E-4A07-AC02-2E51545EFBE5}.Debug|x86.Build.0 = Debug|Win32
		{5EDADF46-092E-4A07-AC02-2E51545EFBE5}.Release|x64.ActiveCfg = Release|x64
		{5EDADF46-092E-4A07-AC02-2E51545EFBE5}.Release|x64.Build.0 = Release|x64
		{5EDADF46-092E-4A07-AC02-2E51545EFBE5}.Release|x86.ActiveCfg = Release|Win32
		{5EDADF46-092E-4A07-AC02-2E51545EFBE5}.Release|x86.Build.0 = Release|Win32
	EndGlobalSection
	GlobalSection(SolutionProperties) = preSolution
		HideSolutionNode = FALSE
	EndGlobalSection
	GlobalSection(ExtensibilityGlobals) = postSolution
		SolutionGuid = {1FDE27E6-1B41-4935-8CFF-FA75EB212019}
	EndGlobalSection
EndGlobal
